{
  "originHash" : "e959fbb2a70387fd34f0b8aa8916df32d56bee59bad1faa7d949e547d08aeac3",
  "pins" : [
    {
      "identity" : "keyboardshortcuts",
      "kind" : "remoteSourceControl",
      "location" : "https://github.com/sindresorhus/KeyboardShortcuts",
      "state" : {
        "revision" : "1b92b9bbb4e03d61c5ff2571cbc85e09144e935d"
      }
    }
  ],
  "version" : 3
}
